
Microsoft Visual Studio Solution File, Format Version 12.00
# Visual Studio 15
VisualStudioVersion = 15.0.28307.271
MinimumVisualStudioVersion = 10.0.40219.1
Project("{FAE04EC0-301F-11D3-BF4B-00C04F79EFBC}") = "Flogging.Core", "Flogging.Core\Flogging.Core.csproj", "{0CB04BF9-A3D2-4C50-A4BB-2C23C2318C77}"
EndProject
Project("{FAE04EC0-301F-11D3-BF4B-00C04F79EFBC}") = "FloggingConsole", "FloggingConsole\FloggingConsole.csproj", "{D281145F-1F92-4D94-919E-834DACE3796A}"
EndProject
Project("{FAE04EC0-301F-11D3-BF4B-00C04F79EFBC}") = "Flogging.Data", "Flogging.Data\Flogging.Data.csproj", "{725230F7-FBE8-49B8-A50F-BAB18CBD865C}"
EndProject
Project("{FAE04EC0-301F-11D3-BF4B-00C04F79EFBC}") = "Flogging.Web", "Flogging.Web\Flogging.Web.csproj", "{29DF90FF-4CF8-462D-9567-C7C5C66524D3}"
EndProject
Project("{FAE04EC0-301F-11D3-BF4B-00C04F79EFBC}") = "TodoForms", "TodoForms\TodoForms.csproj", "{625547B7-5757-495F-8850-75C22304B75F}"
EndProject
Project("{FAE04EC0-301F-11D3-BF4B-00C04F79EFBC}") = "TodoDataAccess", "TodoDataAccess\TodoDataAccess.csproj", "{FCE51DB7-A4BC-4321-B695-59D72E2C31EE}"
EndProject
Project("{FAE04EC0-301F-11D3-BF4B-00C04F79EFBC}") = "TodoMvc", "TodoMvc\TodoMvc.csproj", "{755FA52F-2D9D-4FB5-BD54-A673465BC477}"
EndProject
Project("{FAE04EC0-301F-11D3-BF4B-00C04F79EFBC}") = "ToDoWebAPI", "ToDoWebAPI\ToDoWebAPI.csproj", "{8EEF2044-76A1-4EA8-9D80-1034A1FEA83E}"
EndProject
Global
	GlobalSection(SolutionConfigurationPlatforms) = preSolution
		Debug|Any CPU = Debug|Any CPU
		Release|Any CPU = Release|Any CPU
	EndGlobalSection
	GlobalSection(ProjectConfigurationPlatforms) = postSolution
		{0CB04BF9-A3D2-4C50-A4BB-2C23C2318C77}.Debug|Any CPU.ActiveCfg = Debug|Any CPU
		{0CB04BF9-A3D2-4C50-A4BB-2C23C2318C77}.Debug|Any CPU.Build.0 = Debug|Any CPU
		{0CB04BF9-A3D2-4C50-A4BB-2C23C2318C77}.Release|Any CPU.ActiveCfg = Release|Any CPU
		{0CB04BF9-A3D2-4C50-A4BB-2C23C2318C77}.Release|Any CPU.Build.0 = Release|Any CPU
		{D281145F-1F92-4D94-919E-834DACE3796A}.Debug|Any CPU.ActiveCfg = Debug|Any CPU
		{D281145F-1F92-4D94-919E-834DACE3796A}.Debug|Any CPU.Build.0 = Debug|Any CPU
		{D281145F-1F92-4D94-919E-834DACE3796A}.Release|Any CPU.ActiveCfg = Release|Any CPU
		{D281145F-1F92-4D94-919E-834DACE3796A}.Release|Any CPU.Build.0 = Release|Any CPU
		{725230F7-FBE8-49B8-A50F-BAB18CBD865C}.Debug|Any CPU.ActiveCfg = Debug|Any CPU
		{725230F7-FBE8-49B8-A50F-BAB18CBD865C}.Debug|Any CPU.Build.0 = Debug|Any CPU
		{725230F7-FBE8-49B8-A50F-BAB18CBD865C}.Release|Any CPU.ActiveCfg = Release|Any CPU
		{725230F7-FBE8-49B8-A50F-BAB18CBD865C}.Release|Any CPU.Build.0 = Release|Any CPU
		{29DF90FF-4CF8-462D-9567-C7C5C66524D3}.Debug|Any CPU.ActiveCfg = Debug|Any CPU
		{29DF90FF-4CF8-462D-9567-C7C5C66524D3}.Debug|Any CPU.Build.0 = Debug|Any CPU
		{29DF90FF-4CF8-462D-9567-C7C5C66524D3}.Release|Any CPU.ActiveCfg = Release|Any CPU
		{29DF90FF-4CF8-462D-9567-C7C5C66524D3}.Release|Any CPU.Build.0 = Release|Any CPU
		{625547B7-5757-495F-8850-75C22304B75F}.Debug|Any CPU.ActiveCfg = Debug|Any CPU
		{625547B7-5757-495F-8850-75C22304B75F}.Debug|Any CPU.Build.0 = Debug|Any CPU
		{625547B7-5757-495F-8850-75C22304B75F}.Release|Any CPU.ActiveCfg = Release|Any CPU
		{625547B7-5757-495F-8850-75C22304B75F}.Release|Any CPU.Build.0 = Release|Any CPU
		{FCE51DB7-A4BC-4321-B695-59D72E2C31EE}.Debug|Any CPU.ActiveCfg = Debug|Any CPU
		{FCE51DB7-A4BC-4321-B695-59D72E2C31EE}.Debug|Any CPU.Build.0 = Debug|Any CPU
		{FCE51DB7-A4BC-4321-B695-59D72E2C31EE}.Release|Any CPU.ActiveCfg = Release|Any CPU
		{FCE51DB7-A4BC-4321-B695-59D72E2C31EE}.Release|Any CPU.Build.0 = Release|Any CPU
		{755FA52F-2D9D-4FB5-BD54-A673465BC477}.Debug|Any CPU.ActiveCfg = Debug|Any CPU
		{755FA52F-2D9D-4FB5-BD54-A673465BC477}.Debug|Any CPU.Build.0 = Debug|Any CPU
		{755FA52F-2D9D-4FB5-BD54-A673465BC477}.Release|Any CPU.ActiveCfg = Release|Any CPU
		{755FA52F-2D9D-4FB5-BD54-A673465BC477}.Release|Any CPU.Build.0 = Release|Any CPU
		{8EEF2044-76A1-4EA8-9D80-1034A1FEA83E}.Debug|Any CPU.ActiveCfg = Debug|Any CPU
		{8EEF2044-76A1-4EA8-9D80-1034A1FEA83E}.Debug|Any CPU.Build.0 = Debug|Any CPU
		{8EEF2044-76A1-4EA8-9D80-1034A1FEA83E}.Release|Any CPU.ActiveCfg = Release|Any CPU
		{8EEF2044-76A1-4EA8-9D80-1034A1FEA83E}.Release|Any CPU.Build.0 = Release|Any CPU
	EndGlobalSection
	GlobalSection(SolutionProperties) = preSolution
		HideSolutionNode = FALSE
	EndGlobalSection
	GlobalSection(ExtensibilityGlobals) = postSolution
		SolutionGuid = {E6B408CB-90D2-47C5-8F43-941C3572AD3A}
	EndGlobalSection
EndGlobal
